<?xml version="1.0" encoding="utf-8"?>
<Project ToolsVersion="4.0" xmlns="http://schemas.microsoft.com/developer/msbuild/2003">
  <ItemGroup>
    <Filter Include="リソース ファイル">
      <UniqueIdentifier>{67DA6AB6-F800-4c08-8B7A-83BB121AAD01}</UniqueIdentifier>
      <Extensions>rc;ico;cur;bmp;dlg;rc2;rct;bin;rgs;gif;jpg;jpeg;jpe;resx;tiff;tif;png;wav;mfcribbon-ms</Extensions>
    </Filter>
    <Filter Include="シェーダーファイル">
      <UniqueIdentifier>{c4b63bef-c4b4-40dd-8ebf-3f9cdc0f8557}</UniqueIdentifier>
    </Filter>
    <Filter Include="ゲームシステム">
      <UniqueIdentifier>{0effebc6-bde2-41c3-abf2-9ff8e71ffaa3}</UniqueIdentifier>
    </Filter>
    <Filter Include="エンジンシステム">
      <UniqueIdentifier>{02085d77-f2ce-451c-9e0e-1cea092e391b}</UniqueIdentifier>
    </Filter>
    <Filter Include="エンジンシステム\Audio">
      <UniqueIdentifier>{d50b3b7c-f0ed-427f-ae1c-45dc69a89fe1}</UniqueIdentifier>
    </Filter>
    <Filter Include="シェーダーファイル\Sprite">
      <UniqueIdentifier>{c79de487-cd11-4978-a7f8-3162e4c4f1d6}</UniqueIdentifier>
    </Filter>
    <Filter Include="シェーダーファイル\Obj">
      <UniqueIdentifier>{47c0745e-d963-4c4e-a611-83305efb37e6}</UniqueIdentifier>
    </Filter>
    <Filter Include="シェーダーファイル\Particle">
      <UniqueIdentifier>{50e7d2ef-5d76-4f6d-8d0c-5c54df89cb0f}</UniqueIdentifier>
    </Filter>
    <Filter Include="ゲームシステム\Easing">
      <UniqueIdentifier>{dcc10f48-e82b-48b9-b179-b571095ffe54}</UniqueIdentifier>
    </Filter>
    <Filter Include="エンジンシステム\Camera">
      <UniqueIdentifier>{712cc4e0-95cb-4715-b30f-3af55e4b2ffd}</UniqueIdentifier>
    </Filter>
    <Filter Include="エンジンシステム\Particle">
      <UniqueIdentifier>{33bd4f75-ebed-40fd-837b-60126820b578}</UniqueIdentifier>
    </Filter>
    <Filter Include="エンジンシステム\Light">
      <UniqueIdentifier>{4aa578b4-27fc-4eb3-ab2f-ee4aa96fefae}</UniqueIdentifier>
    </Filter>
    <Filter Include="エンジンシステム\CSV">
      <UniqueIdentifier>{89695aff-10b9-4ffc-a805-fceb5d716a93}</UniqueIdentifier>
    </Filter>
    <Filter Include="シェーダーファイル\Fbx">
      <UniqueIdentifier>{929a2fcd-b7c7-40f9-aed6-c72f40ae73a2}</UniqueIdentifier>
    </Filter>
    <Filter Include="エンジンシステム\Object">
      <UniqueIdentifier>{f9763ffe-2661-489a-b178-3b5613888aef}</UniqueIdentifier>
    </Filter>
    <Filter Include="エンジンシステム\Object\2d">
      <UniqueIdentifier>{d1b2616a-7617-475b-9481-78aa38115a72}</UniqueIdentifier>
    </Filter>
    <Filter Include="エンジンシステム\Object\2d\DebugText">
      <UniqueIdentifier>{8a8a8b89-b332-4ad1-a027-0e71cd3d792f}</UniqueIdentifier>
    </Filter>
    <Filter Include="エンジンシステム\Object\3d">
      <UniqueIdentifier>{b39b7445-39ca-4c57-b18f-3f6706c5e001}</UniqueIdentifier>
    </Filter>
    <Filter Include="エンジンシステム\Object\3d\OBJ">
      <UniqueIdentifier>{0789e0f6-e5b2-4934-8399-12f9516c08e8}</UniqueIdentifier>
    </Filter>
    <Filter Include="エンジンシステム\Object\2d\PostEffect">
      <UniqueIdentifier>{0395157f-cfe5-4ae8-b61c-ca939ad99a27}</UniqueIdentifier>
    </Filter>
    <Filter Include="エンジンシステム\Object\3d\DrawLine3D">
      <UniqueIdentifier>{23dfebfc-16ed-4a5a-ab22-b48d8195c6e9}</UniqueIdentifier>
    </Filter>
    <Filter Include="シェーダーファイル\DrawLine3D">
      <UniqueIdentifier>{39c8b700-fc76-4b07-b2e0-aafb12ec0439}</UniqueIdentifier>
    </Filter>
    <Filter Include="シェーダーファイル\PostEffect">
      <UniqueIdentifier>{bcc09153-9725-4d08-aad7-fe6fcebe4240}</UniqueIdentifier>
    </Filter>
    <Filter Include="ゲームシステム\TouchableObject">
      <UniqueIdentifier>{6255b243-2811-4e38-8770-7b4529e36078}</UniqueIdentifier>
    </Filter>
    <Filter Include="ゲームシステム\Scene">
      <UniqueIdentifier>{8677fbf2-e109-497b-99fb-14bb695dc881}</UniqueIdentifier>
    </Filter>
    <Filter Include="シェーダーファイル\NormalMap">
      <UniqueIdentifier>{110cc445-8ccf-4738-abfc-f7275b52f11a}</UniqueIdentifier>
    </Filter>
    <Filter Include="シェーダーファイル\Basic">
      <UniqueIdentifier>{a8a993ee-4e2d-4f0e-bfdd-b29afe531222}</UniqueIdentifier>
    </Filter>
    <Filter Include="シェーダーファイル\DrawLine2d">
      <UniqueIdentifier>{e1ee08c3-3b6d-4994-8504-e70b2931b8f7}</UniqueIdentifier>
    </Filter>
    <Filter Include="エンジンシステム\Base">
      <UniqueIdentifier>{67675b7e-5f68-4193-8d4f-1cc9fe252ed8}</UniqueIdentifier>
    </Filter>
    <Filter Include="エンジンシステム\Base\Input">
      <UniqueIdentifier>{c9ef2e81-bfcf-41ca-b3c8-821026159bee}</UniqueIdentifier>
    </Filter>
    <Filter Include="エンジンシステム\Base\Input\DirectInput">
      <UniqueIdentifier>{58311a71-87d7-4957-9612-2c40d99f3fb3}</UniqueIdentifier>
    </Filter>
    <Filter Include="エンジンシステム\Base\Input\XInputManager">
      <UniqueIdentifier>{6ba36846-abfa-4705-a231-337b7198fd22}</UniqueIdentifier>
    </Filter>
    <Filter Include="エンジンシステム\Base\DirectXCommon">
      <UniqueIdentifier>{c4924800-ddb9-4297-b120-7d63cc5ccb07}</UniqueIdentifier>
    </Filter>
    <Filter Include="エンジンシステム\Base\WindowApp">
      <UniqueIdentifier>{c8b9b141-feab-43bc-9dc3-65df95c04218}</UniqueIdentifier>
    </Filter>
    <Filter Include="エンジンシステム\Base\MainEngine">
      <UniqueIdentifier>{d363d3f2-8b0d-4d98-b20d-8210587ec264}</UniqueIdentifier>
    </Filter>
    <Filter Include="エンジンシステム\Base\Singleton">
      <UniqueIdentifier>{436617b7-49ce-48ec-902c-d3b0bc7ea860}</UniqueIdentifier>
    </Filter>
    <Filter Include="エンジンシステム\Base\ShaderManager">
      <UniqueIdentifier>{356b25fe-ae5a-4de6-8b21-156452afe5c0}</UniqueIdentifier>
    </Filter>
    <Filter Include="エンジンシステム\Base\FrameRateKeep">
      <UniqueIdentifier>{31f81314-112e-490b-815e-a28a447dffdb}</UniqueIdentifier>
    </Filter>
    <Filter Include="エンジンシステム\Base\GraphicsPipelineManager">
      <UniqueIdentifier>{9e796eba-af2b-476b-bf30-138d92a52ee6}</UniqueIdentifier>
    </Filter>
    <Filter Include="シェーダーファイル\CubeBox">
      <UniqueIdentifier>{7508ff1d-e35f-4500-975c-5425a099d05b}</UniqueIdentifier>
    </Filter>
    <Filter Include="Imgui">
      <UniqueIdentifier>{23249f82-5888-449d-8f3a-edc0bb3f0345}</UniqueIdentifier>
    </Filter>
    <Filter Include="シェーダーファイル\HeightMap">
      <UniqueIdentifier>{3a93725c-abc3-4024-816d-8a3a69153d13}</UniqueIdentifier>
    </Filter>
    <Filter Include="エンジンシステム\Object\3d\collider">
      <UniqueIdentifier>{01e36be7-9665-4170-9568-05beaf158a24}</UniqueIdentifier>
    </Filter>
    <Filter Include="ゲームシステム\object">
      <UniqueIdentifier>{d9aada42-7d56-457d-bb40-6ec31093798e}</UniqueIdentifier>
    </Filter>
    <Filter Include="ゲームシステム\object\Ground">
      <UniqueIdentifier>{12d2ba67-d429-4db9-aa2d-c60f1ccf1397}</UniqueIdentifier>
    </Filter>
    <Filter Include="ゲームシステム\object\player">
      <UniqueIdentifier>{a15f0d01-4f6d-4e9a-a4a0-6a27daf39fc2}</UniqueIdentifier>
    </Filter>
    <Filter Include="ゲームシステム\object\Bullet">
      <UniqueIdentifier>{6e14a1ca-e053-469a-9e2d-6dc1f9574b93}</UniqueIdentifier>
    </Filter>
    <Filter Include="ゲームシステム\object\FixedTurret">
      <UniqueIdentifier>{bc3d5065-f718-4dff-9ead-9faeadb1eb4a}</UniqueIdentifier>
    </Filter>
  </ItemGroup>
  <ItemGroup>
    <ClCompile Include="main.cpp">
      <Filter>ゲームシステム</Filter>
    </ClCompile>
    <ClCompile Include="2d\DebugText.cpp">
      <Filter>エンジンシステム\Object\2d\DebugText</Filter>
    </ClCompile>
    <ClCompile Include="2d\PostEffect.cpp">
      <Filter>エンジンシステム\Object\2d\PostEffect</Filter>
    </ClCompile>
    <ClCompile Include="2d\Sprite.cpp">
      <Filter>エンジンシステム\Object\2d</Filter>
    </ClCompile>
    <ClCompile Include="3d\DrawLine3D.cpp">
      <Filter>エンジンシステム\Object\3d\DrawLine3D</Filter>
    </ClCompile>
    <ClCompile Include="3d\Material.cpp">
      <Filter>エンジンシステム\Object\3d\OBJ</Filter>
    </ClCompile>
    <ClCompile Include="3d\Mesh.cpp">
      <Filter>エンジンシステム\Object\3d\OBJ</Filter>
    </ClCompile>
    <ClCompile Include="3d\Model.cpp">
      <Filter>エンジンシステム\Object\3d\OBJ</Filter>
    </ClCompile>
    <ClCompile Include="3d\Object3d.cpp">
      <Filter>エンジンシステム\Object\3d\OBJ</Filter>
    </ClCompile>
    <ClCompile Include="audio\Audio.cpp">
      <Filter>エンジンシステム\Audio</Filter>
    </ClCompile>
    <ClCompile Include="base\ComputeShaderManager.cpp">
      <Filter>エンジンシステム\Base\ShaderManager</Filter>
    </ClCompile>
    <ClCompile Include="base\Csv.cpp">
      <Filter>エンジンシステム\CSV</Filter>
    </ClCompile>
    <ClCompile Include="base\DirectXCommon.cpp">
      <Filter>エンジンシステム\Base\DirectXCommon</Filter>
    </ClCompile>
    <ClCompile Include="base\MainEngine.cpp">
      <Filter>エンジンシステム\Base\MainEngine</Filter>
    </ClCompile>
    <ClCompile Include="base\Singleton.cpp">
      <Filter>エンジンシステム\Base\Singleton</Filter>
    </ClCompile>
    <ClCompile Include="base\WindowApp.cpp">
      <Filter>エンジンシステム\Base\WindowApp</Filter>
    </ClCompile>
    <ClCompile Include="camera\Camera.cpp">
      <Filter>エンジンシステム\Camera</Filter>
    </ClCompile>
    <ClCompile Include="easing\Easing.cpp">
      <Filter>ゲームシステム\Easing</Filter>
    </ClCompile>
    <ClCompile Include="input\DirectInput.cpp">
      <Filter>エンジンシステム\Base\Input\DirectInput</Filter>
    </ClCompile>
    <ClCompile Include="input\XInputManager.cpp">
      <Filter>エンジンシステム\Base\Input\XInputManager</Filter>
    </ClCompile>
    <ClCompile Include="light\LightGroup.cpp">
      <Filter>エンジンシステム\Light</Filter>
    </ClCompile>
    <ClCompile Include="object\Ground.cpp">
      <Filter>ゲームシステム\object\Ground</Filter>
    </ClCompile>
    <ClCompile Include="object\Player.cpp">
      <Filter>ゲームシステム\object\player</Filter>
    </ClCompile>
    <ClCompile Include="object\TouchableObject.cpp">
      <Filter>ゲームシステム\TouchableObject</Filter>
    </ClCompile>
    <ClCompile Include="particle\Emitter.cpp">
      <Filter>エンジンシステム\Particle</Filter>
    </ClCompile>
    <ClCompile Include="particle\ParticleManager.cpp">
      <Filter>エンジンシステム\Particle</Filter>
    </ClCompile>
    <ClCompile Include="base\ShaderManager.cpp">
      <Filter>エンジンシステム\Base\ShaderManager</Filter>
    </ClCompile>
    <ClCompile Include="base\FrameRateKeep.cpp">
      <Filter>エンジンシステム\Base\FrameRateKeep</Filter>
    </ClCompile>
    <ClCompile Include="base\GraphicsPipelineManager.cpp">
      <Filter>エンジンシステム\Base\GraphicsPipelineManager</Filter>
    </ClCompile>
    <ClCompile Include="scene\SceneManager.cpp">
      <Filter>ゲームシステム\Scene</Filter>
    </ClCompile>
    <ClCompile Include="scene\Boss1.cpp">
      <Filter>ゲームシステム\Scene</Filter>
    </ClCompile>
    <ClCompile Include="scene\Title.cpp">
      <Filter>ゲームシステム\Scene</Filter>
    </ClCompile>
    <ClCompile Include="3d\CubeMap.cpp">
      <Filter>エンジンシステム\Object\3d</Filter>
    </ClCompile>
    <ClCompile Include="base\DescriptorHeapManager.cpp">
      <Filter>エンジンシステム\Base</Filter>
    </ClCompile>
    <ClCompile Include="base\Texture.cpp">
      <Filter>エンジンシステム\Base</Filter>
    </ClCompile>
    <ClCompile Include="external\Imgui\imgui.cpp">
      <Filter>Imgui</Filter>
    </ClCompile>
    <ClCompile Include="external\Imgui\imgui_demo.cpp">
      <Filter>Imgui</Filter>
    </ClCompile>
    <ClCompile Include="external\Imgui\imgui_draw.cpp">
      <Filter>Imgui</Filter>
    </ClCompile>
    <ClCompile Include="external\Imgui\imgui_tables.cpp">
      <Filter>Imgui</Filter>
    </ClCompile>
    <ClCompile Include="external\Imgui\imgui_widgets.cpp">
      <Filter>Imgui</Filter>
    </ClCompile>
    <ClCompile Include="external\Imgui\imgui_impl_dx12.cpp">
      <Filter>Imgui</Filter>
    </ClCompile>
    <ClCompile Include="external\Imgui\imgui_impl_win32.cpp">
      <Filter>Imgui</Filter>
    </ClCompile>
    <ClCompile Include="3d\HeightMap.cpp">
      <Filter>エンジンシステム\Object\3d</Filter>
    </ClCompile>
    <ClCompile Include="3d\InterfaceObject3d.cpp">
      <Filter>エンジンシステム\Object\3d</Filter>
    </ClCompile>
    <ClCompile Include="3d\PrimitiveObject3D.cpp">
      <Filter>エンジンシステム\Object\3d</Filter>
    </ClCompile>
    <ClCompile Include="3d\collider\SphereCollider.cpp">
      <Filter>エンジンシステム\Object\3d\collider</Filter>
    </ClCompile>
    <ClCompile Include="3d\collider\Collision.cpp">
      <Filter>エンジンシステム\Object\3d\collider</Filter>
    </ClCompile>
    <ClCompile Include="3d\collider\CollisionManager.cpp">
      <Filter>エンジンシステム\Object\3d\collider</Filter>
    </ClCompile>
    <ClCompile Include="3d\collider\CollisionPrimitive.cpp">
      <Filter>エンジンシステム\Object\3d\collider</Filter>
    </ClCompile>
    <ClCompile Include="3d\collider\MeshCollider.cpp">
      <Filter>エンジンシステム\Object\3d\collider</Filter>
    </ClCompile>
    <ClCompile Include="object\BaseBullet.cpp">
      <Filter>ゲームシステム\object\Bullet</Filter>
    </ClCompile>
    <ClCompile Include="object\BulletManager.cpp">
      <Filter>ゲームシステム\object\Bullet</Filter>
    </ClCompile>
    <ClCompile Include="object\FixedTurret.cpp">
      <Filter>ゲームシステム\object\FixedTurret</Filter>
    </ClCompile>
    <ClCompile Include="object\FixedTurretBullet.cpp">
      <Filter>ゲームシステム\object\Bullet</Filter>
    </ClCompile>
    <ClCompile Include="BaseEnemy.cpp" />
    <ClCompile Include="EnemyA.cpp" />
    <ClCompile Include="EnemyManager.cpp" />
    <ClCompile Include="EnemyABullet.cpp" />
  </ItemGroup>
  <ItemGroup>
    <FxCompile Include="Resources\Shaders\SpriteVS.hlsl">
      <Filter>シェーダーファイル\Sprite</Filter>
    </FxCompile>
    <FxCompile Include="Resources\Shaders\SpritePS.hlsl">
      <Filter>シェーダーファイル\Sprite</Filter>
    </FxCompile>
    <FxCompile Include="Resources\Shaders\ObjVS.hlsl">
      <Filter>シェーダーファイル\Obj</Filter>
    </FxCompile>
    <FxCompile Include="Resources\Shaders\ObjPS.hlsl">
      <Filter>シェーダーファイル\Obj</Filter>
    </FxCompile>
    <FxCompile Include="Resources\Shaders\ParticleGS.hlsl">
      <Filter>シェーダーファイル\Particle</Filter>
    </FxCompile>
    <FxCompile Include="Resources\Shaders\ParticlePS.hlsl">
      <Filter>シェーダーファイル\Particle</Filter>
    </FxCompile>
    <FxCompile Include="Resources\Shaders\ParticleVS.hlsl">
      <Filter>シェーダーファイル\Particle</Filter>
    </FxCompile>
    <FxCompile Include="Resources\Shaders\FbxPS.hlsl">
      <Filter>シェーダーファイル\Fbx</Filter>
    </FxCompile>
    <FxCompile Include="Resources\Shaders\FbxVS.hlsl">
      <Filter>シェーダーファイル\Fbx</Filter>
    </FxCompile>
    <FxCompile Include="Resources\Shaders\DrawLine3DPS.hlsl">
      <Filter>シェーダーファイル\DrawLine3D</Filter>
    </FxCompile>
    <FxCompile Include="Resources\Shaders\DrawLine3DVS.hlsl">
      <Filter>シェーダーファイル\DrawLine3D</Filter>
    </FxCompile>
    <FxCompile Include="Resources\Shaders\PostEffectPS.hlsl">
      <Filter>シェーダーファイル\PostEffect</Filter>
    </FxCompile>
    <FxCompile Include="Resources\Shaders\PostEffectVS.hlsl">
      <Filter>シェーダーファイル\PostEffect</Filter>
    </FxCompile>
    <FxCompile Include="Resources\Shaders\NormalMapPS.hlsl">
      <Filter>シェーダーファイル\NormalMap</Filter>
    </FxCompile>
    <FxCompile Include="Resources\Shaders\NormalMapVS.hlsl">
      <Filter>シェーダーファイル\NormalMap</Filter>
    </FxCompile>
    <FxCompile Include="Resources\Shaders\BasicCS.hlsl">
      <Filter>シェーダーファイル\Basic</Filter>
    </FxCompile>
    <FxCompile Include="Resources\Shaders\DrawLine2DPS.hlsl">
      <Filter>シェーダーファイル\DrawLine2d</Filter>
    </FxCompile>
    <FxCompile Include="Resources\Shaders\DrawLine2DVS.hlsl">
      <Filter>シェーダーファイル\DrawLine2d</Filter>
    </FxCompile>
    <FxCompile Include="Resources\Shaders\CubeBoxPS.hlsl">
      <Filter>シェーダーファイル\CubeBox</Filter>
    </FxCompile>
    <FxCompile Include="Resources\Shaders\CubeBoxVS.hlsl">
      <Filter>シェーダーファイル\CubeBox</Filter>
    </FxCompile>
    <FxCompile Include="Resources\Shaders\HeightMapPS.hlsl">
      <Filter>シェーダーファイル\HeightMap</Filter>
    </FxCompile>
    <FxCompile Include="Resources\Shaders\HeightMapVS.hlsl">
      <Filter>シェーダーファイル\HeightMap</Filter>
    </FxCompile>
  </ItemGroup>
  <ItemGroup>
    <None Include="Resources\Shaders\Sprite.hlsli">
      <Filter>シェーダーファイル\Sprite</Filter>
    </None>
    <None Include="Resources\Shaders\Obj.hlsli">
      <Filter>シェーダーファイル\Obj</Filter>
    </None>
    <None Include="Resources\Shaders\Particle.hlsli">
      <Filter>シェーダーファイル\Particle</Filter>
    </None>
    <None Include="Resources\Shaders\Fbx.hlsli">
      <Filter>シェーダーファイル\Fbx</Filter>
    </None>
    <None Include="Resources\Shaders\DrawLine3D.hlsli">
      <Filter>シェーダーファイル\DrawLine3D</Filter>
    </None>
    <None Include="Resources\Shaders\PostEffect.hlsli">
      <Filter>シェーダーファイル\PostEffect</Filter>
    </None>
    <None Include="Resources\Shaders\NormalMap.hlsli">
      <Filter>シェーダーファイル\NormalMap</Filter>
    </None>
    <None Include="Resources\Shaders\DrawLine2D.hlsli">
      <Filter>シェーダーファイル\DrawLine2d</Filter>
    </None>
    <None Include="Resources\Shaders\CubeBox.hlsli">
      <Filter>シェーダーファイル\CubeBox</Filter>
    </None>
    <None Include="Resources\Shaders\HeightMap.hlsli">
      <Filter>シェーダーファイル\HeightMap</Filter>
    </None>
  </ItemGroup>
  <ItemGroup>
    <ClInclude Include="2d\DebugText.h">
      <Filter>エンジンシステム\Object\2d\DebugText</Filter>
    </ClInclude>
    <ClInclude Include="2d\PostEffect.h">
      <Filter>エンジンシステム\Object\2d\PostEffect</Filter>
    </ClInclude>
    <ClInclude Include="2d\Sprite.h">
      <Filter>エンジンシステム\Object\2d</Filter>
    </ClInclude>
    <ClInclude Include="3d\DrawLine3D.h">
      <Filter>エンジンシステム\Object\3d\DrawLine3D</Filter>
    </ClInclude>
    <ClInclude Include="3d\Material.h">
      <Filter>エンジンシステム\Object\3d\OBJ</Filter>
    </ClInclude>
    <ClInclude Include="3d\Mesh.h">
      <Filter>エンジンシステム\Object\3d\OBJ</Filter>
    </ClInclude>
    <ClInclude Include="3d\Model.h">
      <Filter>エンジンシステム\Object\3d\OBJ</Filter>
    </ClInclude>
    <ClInclude Include="3d\Object3d.h">
      <Filter>エンジンシステム\Object\3d\OBJ</Filter>
    </ClInclude>
    <ClInclude Include="audio\Audio.h">
      <Filter>エンジンシステム\Audio</Filter>
    </ClInclude>
    <ClInclude Include="base\ComputeShaderManager.h">
      <Filter>エンジンシステム\Base\ShaderManager</Filter>
    </ClInclude>
    <ClInclude Include="base\Csv.h">
      <Filter>エンジンシステム\CSV</Filter>
    </ClInclude>
    <ClInclude Include="base\DirectXCommon.h">
      <Filter>エンジンシステム\Base\DirectXCommon</Filter>
    </ClInclude>
    <ClInclude Include="base\MainEngine.h">
      <Filter>エンジンシステム\Base\MainEngine</Filter>
    </ClInclude>
    <ClInclude Include="base\SafeDelete.h">
      <Filter>エンジンシステム\Base</Filter>
    </ClInclude>
    <ClInclude Include="base\Singleton.h">
      <Filter>エンジンシステム\Base\Singleton</Filter>
    </ClInclude>
    <ClInclude Include="base\WindowApp.h">
      <Filter>エンジンシステム\Base\WindowApp</Filter>
    </ClInclude>
    <ClInclude Include="camera\Camera.h">
      <Filter>エンジンシステム\Camera</Filter>
    </ClInclude>
    <ClInclude Include="easing\Easing.h">
      <Filter>ゲームシステム\Easing</Filter>
    </ClInclude>
    <ClInclude Include="input\DirectInput.h">
      <Filter>エンジンシステム\Base\Input\DirectInput</Filter>
    </ClInclude>
    <ClInclude Include="input\XInputManager.h">
      <Filter>エンジンシステム\Base\Input\XInputManager</Filter>
    </ClInclude>
    <ClInclude Include="light\SpotLight.h">
      <Filter>エンジンシステム\Light</Filter>
    </ClInclude>
    <ClInclude Include="light\CircleShadow.h">
      <Filter>エンジンシステム\Light</Filter>
    </ClInclude>
    <ClInclude Include="light\DirectionalLight.h">
      <Filter>エンジンシステム\Light</Filter>
    </ClInclude>
    <ClInclude Include="light\LightGroup.h">
      <Filter>エンジンシステム\Light</Filter>
    </ClInclude>
    <ClInclude Include="light\PointLight.h">
      <Filter>エンジンシステム\Light</Filter>
    </ClInclude>
    <ClInclude Include="object\Ground.h">
      <Filter>ゲームシステム\object\Ground</Filter>
    </ClInclude>
    <ClInclude Include="object\Player.h">
      <Filter>ゲームシステム\object\player</Filter>
    </ClInclude>
    <ClInclude Include="object\TouchableObject.h">
      <Filter>ゲームシステム\TouchableObject</Filter>
    </ClInclude>
    <ClInclude Include="particle\ParticleManager.h">
      <Filter>エンジンシステム\Particle</Filter>
    </ClInclude>
    <ClInclude Include="particle\Emitter.h">
      <Filter>エンジンシステム\Particle</Filter>
    </ClInclude>
    <ClInclude Include="base\ShaderManager.h">
      <Filter>エンジンシステム\Base\ShaderManager</Filter>
    </ClInclude>
    <ClInclude Include="base\FrameRateKeep.h">
      <Filter>エンジンシステム\Base\FrameRateKeep</Filter>
    </ClInclude>
    <ClInclude Include="base\GraphicsPipelineManager.h">
      <Filter>エンジンシステム\Base\GraphicsPipelineManager</Filter>
    </ClInclude>
    <ClInclude Include="scene\SceneManager.h">
      <Filter>ゲームシステム\Scene</Filter>
    </ClInclude>
    <ClInclude Include="scene\Boss1.h">
      <Filter>ゲームシステム\Scene</Filter>
    </ClInclude>
    <ClInclude Include="scene\InterfaceScene.h">
      <Filter>ゲームシステム\Scene</Filter>
    </ClInclude>
    <ClInclude Include="scene\Title.h">
      <Filter>ゲームシステム\Scene</Filter>
    </ClInclude>
    <ClInclude Include="3d\CubeMap.h">
      <Filter>エンジンシステム\Object\3d</Filter>
    </ClInclude>
    <ClInclude Include="base\DescriptorHeapManager.h">
      <Filter>エンジンシステム\Base</Filter>
    </ClInclude>
    <ClInclude Include="base\Texture.h">
      <Filter>エンジンシステム\Base</Filter>
    </ClInclude>
    <ClInclude Include="external\Imgui\imconfig.h">
      <Filter>Imgui</Filter>
    </ClInclude>
    <ClInclude Include="external\Imgui\imgui.h">
      <Filter>Imgui</Filter>
    </ClInclude>
    <ClInclude Include="external\Imgui\imgui_impl_dx12.h">
      <Filter>Imgui</Filter>
    </ClInclude>
    <ClInclude Include="external\Imgui\imgui_impl_win32.h">
      <Filter>Imgui</Filter>
    </ClInclude>
    <ClInclude Include="external\Imgui\imgui_internal.h">
      <Filter>Imgui</Filter>
    </ClInclude>
    <ClInclude Include="external\Imgui\imstb_rectpack.h">
      <Filter>Imgui</Filter>
    </ClInclude>
    <ClInclude Include="external\Imgui\imstb_textedit.h">
      <Filter>Imgui</Filter>
    </ClInclude>
    <ClInclude Include="external\Imgui\imstb_truetype.h">
      <Filter>Imgui</Filter>
    </ClInclude>
    <ClInclude Include="base\PipelineHelpar.h">
      <Filter>エンジンシステム\Base</Filter>
    </ClInclude>
    <ClInclude Include="3d\HeightMap.h">
      <Filter>エンジンシステム\Object\3d</Filter>
    </ClInclude>
    <ClInclude Include="3d\InterfaceObject3d.h">
      <Filter>エンジンシステム\Object\3d</Filter>
    </ClInclude>
    <ClInclude Include="3d\PrimitiveObject3D.h">
      <Filter>エンジンシステム\Object\3d</Filter>
    </ClInclude>
    <ClInclude Include="3d\collider\MeshCollider.h">
      <Filter>エンジンシステム\Object\3d\collider</Filter>
    </ClInclude>
    <ClInclude Include="3d\collider\QueryCallback.h">
      <Filter>エンジンシステム\Object\3d\collider</Filter>
    </ClInclude>
    <ClInclude Include="3d\collider\RaycastHit.h">
      <Filter>エンジンシステム\Object\3d\collider</Filter>
    </ClInclude>
    <ClInclude Include="3d\collider\SphereCollider.h">
      <Filter>エンジンシステム\Object\3d\collider</Filter>
    </ClInclude>
    <ClInclude Include="3d\collider\BaseCollider.h">
      <Filter>エンジンシステム\Object\3d\collider</Filter>
    </ClInclude>
    <ClInclude Include="3d\collider\Collision.h">
      <Filter>エンジンシステム\Object\3d\collider</Filter>
    </ClInclude>
    <ClInclude Include="3d\collider\CollisionAttribute.h">
      <Filter>エンジンシステム\Object\3d\collider</Filter>
    </ClInclude>
    <ClInclude Include="3d\collider\CollisionInfo.h">
      <Filter>エンジンシステム\Object\3d\collider</Filter>
    </ClInclude>
    <ClInclude Include="3d\collider\CollisionManager.h">
      <Filter>エンジンシステム\Object\3d\collider</Filter>
    </ClInclude>
    <ClInclude Include="3d\collider\CollisionPrimitive.h">
      <Filter>エンジンシステム\Object\3d\collider</Filter>
    </ClInclude>
    <ClInclude Include="3d\collider\CollisionTypes.h">
      <Filter>エンジンシステム\Object\3d\collider</Filter>
    </ClInclude>
    <ClInclude Include="object\BaseBullet.h">
      <Filter>ゲームシステム\object\Bullet</Filter>
    </ClInclude>
    <ClInclude Include="object\BulletManager.h">
      <Filter>ゲームシステム\object\Bullet</Filter>
    </ClInclude>
    <ClInclude Include="object\FixedTurret.h">
      <Filter>ゲームシステム\object\FixedTurret</Filter>
    </ClInclude>
    <ClInclude Include="object\FixedTurretBullet.h">
      <Filter>ゲームシステム\object\Bullet</Filter>
    </ClInclude>
    <ClInclude Include="BaseEnemy.h" />
    <ClInclude Include="EnemyA.h" />
    <ClInclude Include="EnemyManager.h" />
    <ClInclude Include="EnemyABullet.h" />
  </ItemGroup>
</Project>